// !$*UTF8*$!
{
	archiveVersion = 1;
	classes = {
	};
	objectVersion = 46;
	objects = {

/* Begin PBXBuildFile section */
		5D13FF2B19871F9900334E22 /* GameObject.swift in Sources */ = {isa = PBXBuildFile; fileRef = 5D13FF2A19871F9900334E22 /* GameObject.swift */; };
		5D13FF2D1988792100334E22 /* GameConstants.swift in Sources */ = {isa = PBXBuildFile; fileRef = 5D13FF2C1988792100334E22 /* GameConstants.swift */; };
		5D72C1E11A194CEA00B59271 /* GameView.swift in Sources */ = {isa = PBXBuildFile; fileRef = 5D72C1E01A194CEA00B59271 /* GameView.swift */; };
		5D745F5A1A16E57100432DBE /* Storyboard.storyboard in Resources */ = {isa = PBXBuildFile; fileRef = 5D745F591A16E57100432DBE /* Storyboard.storyboard */; };
		5DC827A9197F44BD00356661 /* AppDelegate.swift in Sources */ = {isa = PBXBuildFile; fileRef = 5DC827A8197F44BD00356661 /* AppDelegate.swift */; };
		5DC827AB197F44BD00356661 /* GameScene.sks in Resources */ = {isa = PBXBuildFile; fileRef = 5DC827AA197F44BD00356661 /* GameScene.sks */; };
		5DC827AD197F44BD00356661 /* GameScene.swift in Sources */ = {isa = PBXBuildFile; fileRef = 5DC827AC197F44BD00356661 /* GameScene.swift */; };
		5DC827AF197F44BD00356661 /* GameViewController.swift in Sources */ = {isa = PBXBuildFile; fileRef = 5DC827AE197F44BD00356661 /* GameViewController.swift */; };
		5DC827B4197F44BD00356661 /* Images.xcassets in Resources */ = {isa = PBXBuildFile; fileRef = 5DC827B3197F44BD00356661 /* Images.xcassets */; };
/* End PBXBuildFile section */

/* Begin PBXFileReference section */
		5D13FF2A19871F9900334E22 /* GameObject.swift */ = {isa = PBXFileReference; fileEncoding = 4; lastKnownFileType = sourcecode.swift; path = GameObject.swift; sourceTree = "<group>"; };
		5D13FF2C1988792100334E22 /* GameConstants.swift */ = {isa = PBXFileReference; fileEncoding = 4; lastKnownFileType = sourcecode.swift; path = GameConstants.swift; sourceTree = "<group>"; };
		5D72C1E01A194CEA00B59271 /* GameView.swift */ = {isa = PBXFileReference; fileEncoding = 4; lastKnownFileType = sourcecode.swift; path = GameView.swift; sourceTree = "<group>"; };
		5D745F591A16E57100432DBE /* Storyboard.storyboard */ = {isa = PBXFileReference; fileEncoding = 4; lastKnownFileType = file.storyboard; path = Storyboard.storyboard; sourceTree = "<group>"; };
		5DC827A3197F44BD00356661 /* rainSwift.app */ = {isa = PBXFileReference; explicitFileType = wrapper.application; includeInIndex = 0; path = rainSwift.app; sourceTree = BUILT_PRODUCTS_DIR; };
		5DC827A7197F44BD00356661 /* Info.plist */ = {isa = PBXFileReference; lastKnownFileType = text.plist.xml; path = Info.plist; sourceTree = "<group>"; };
		5DC827A8197F44BD00356661 /* AppDelegate.swift */ = {isa = PBXFileReference; lastKnownFileType = sourcecode.swift; path = AppDelegate.swift; sourceTree = "<group>"; };
		5DC827AA197F44BD00356661 /* GameScene.sks */ = {isa = PBXFileReference; lastKnownFileType = file.sks; path = GameScene.sks; sourceTree = "<group>"; };
		5DC827AC197F44BD00356661 /* GameScene.swift */ = {isa = PBXFileReference; lastKnownFileType = sourcecode.swift; path = GameScene.swift; sourceTree = "<group>"; };
		5DC827AE197F44BD00356661 /* GameViewController.swift */ = {isa = PBXFileReference; lastKnownFileType = sourcecode.swift; path = GameViewController.swift; sourceTree = "<group>"; };
		5DC827B3197F44BD00356661 /* Images.xcassets */ = {isa = PBXFileReference; lastKnownFileType = folder.assetcatalog; path = Images.xcassets; sourceTree = "<group>"; };
		5DC827BE197F44BD00356661 /* Info.plist */ = {isa = PBXFileReference; lastKnownFileType = text.plist.xml; path = Info.plist; sourceTree = "<group>"; };
		5DC827BF197F44BD00356661 /* rainSwiftTests.swift */ = {isa = PBXFileReference; lastKnownFileType = sourcecode.swift; path = rainSwiftTests.swift; sourceTree = "<group>"; };
/* End PBXFileReference section */

/* Begin PBXFrameworksBuildPhase section */
		5DC827A0197F44BD00356661 /* Frameworks */ = {
			isa = PBXFrameworksBuildPhase;
			buildActionMask = 2147483647;
			files = (
			);
			runOnlyForDeploymentPostprocessing = 0;
		};
/* End PBXFrameworksBuildPhase section */

/* Begin PBXGroup section */
		5DC8279A197F44BD00356661 = {
			isa = PBXGroup;
			children = (
				5DC827A5197F44BD00356661 /* rainSwift */,
				5DC827BC197F44BD00356661 /* rainSwiftTests */,
				5DC827A4197F44BD00356661 /* Products */,
			);
			sourceTree = "<group>";
		};
		5DC827A4197F44BD00356661 /* Products */ = {
			isa = PBXGroup;
			children = (
				5DC827A3197F44BD00356661 /* rainSwift.app */,
			);
			name = Products;
			sourceTree = "<group>";
		};
		5DC827A5197F44BD00356661 /* rainSwift */ = {
			isa = PBXGroup;
			children = (
				5D745F591A16E57100432DBE /* Storyboard.storyboard */,
				5D72C1E01A194CEA00B59271 /* GameView.swift */,
				5DC827A8197F44BD00356661 /* AppDelegate.swift */,
				5DC827AA197F44BD00356661 /* GameScene.sks */,
				5DC827AC197F44BD00356661 /* GameScene.swift */,
				5D13FF2A19871F9900334E22 /* GameObject.swift */,
				5D13FF2C1988792100334E22 /* GameConstants.swift */,
				5DC827AE197F44BD00356661 /* GameViewController.swift */,
				5DC827B3197F44BD00356661 /* Images.xcassets */,
				5DC827A6197F44BD00356661 /* Supporting Files */,
			);
			path = rainSwift;
			sourceTree = "<group>";
		};
		5DC827A6197F44BD00356661 /* Supporting Files */ = {
			isa = PBXGroup;
			children = (
				5DC827A7197F44BD00356661 /* Info.plist */,
			);
			name = "Supporting Files";
			sourceTree = "<group>";
		};
		5DC827BC197F44BD00356661 /* rainSwiftTests */ = {
			isa = PBXGroup;
			children = (
				5DC827BF197F44BD00356661 /* rainSwiftTests.swift */,
				5DC827BD197F44BD00356661 /* Supporting Files */,
			);
			path = rainSwiftTests;
			sourceTree = "<group>";
		};
		5DC827BD197F44BD00356661 /* Supporting Files */ = {
			isa = PBXGroup;
			children = (
				5DC827BE197F44BD00356661 /* Info.plist */,
			);
			name = "Supporting Files";
			sourceTree = "<group>";
		};
/* End PBXGroup section */

/* Begin PBXNativeTarget section */
		5DC827A2197F44BD00356661 /* rainSwift */ = {
			isa = PBXNativeTarget;
			buildConfigurationList = 5DC827C3197F44BD00356661 /* Build configuration list for PBXNativeTarget "rainSwift" */;
			buildPhases = (
				5DC8279F197F44BD00356661 /* Sources */,
				5DC827A0197F44BD00356661 /* Frameworks */,
				5DC827A1197F44BD00356661 /* Resources */,
			);
			buildRules = (
			);
			dependencies = (
			);
			name = rainSwift;
			productName = rainSwift;
			productReference = 5DC827A3197F44BD00356661 /* rainSwift.app */;
			productType = "com.apple.product-type.application";
		};
/* End PBXNativeTarget section */

/* Begin PBXProject section */
		5DC8279B197F44BD00356661 /* Project object */ = {
			isa = PBXProject;
			attributes = {
				LastUpgradeCheck = 0600;
				ORGANIZATIONNAME = RaghuKV;
				TargetAttributes = {
					5DC827A2197F44BD00356661 = {
						CreatedOnToolsVersion = 6.0;
					};
				};
			};
			buildConfigurationList = 5DC8279E197F44BD00356661 /* Build configuration list for PBXProject "rainSwift" */;
			compatibilityVersion = "Xcode 3.2";
			developmentRegion = English;
			hasScannedForEncodings = 0;
			knownRegions = (
				en,
				Base,
			);
			mainGroup = 5DC8279A197F44BD00356661;
			productRefGroup = 5DC827A4197F44BD00356661 /* Products */;
			projectDirPath = "";
			projectRoot = "";
			targets = (
				5DC827A2197F44BD00356661 /* rainSwift */,
			);
		};
/* End PBXProject section */

/* Begin PBXResourcesBuildPhase section */
		5DC827A1197F44BD00356661 /* Resources */ = {
			isa = PBXResourcesBuildPhase;
			buildActionMask = 2147483647;
			files = (
				5DC827B4197F44BD00356661 /* Images.xcassets in Resources */,
				5D745F5A1A16E57100432DBE /* Storyboard.storyboard in Resources */,
				5DC827AB197F44BD00356661 /* GameScene.sks in Resources */,
			);
			runOnlyForDeploymentPostprocessing = 0;
		};
/* End PBXResourcesBuildPhase section */

/* Begin PBXSourcesBuildPhase section */
		5DC8279F197F44BD00356661 /* Sources */ = {
			isa = PBXSourcesBuildPhase;
			buildActionMask = 2147483647;
			files = (
				5D13FF2D1988792100334E22 /* GameConstants.swift in Sources */,
				5D13FF2B19871F9900334E22 /* GameObject.swift in Sources */,
				5DC827AD197F44BD00356661 /* GameScene.swift in Sources */,
				5DC827AF197F44BD00356661 /* GameViewController.swift in Sources */,
				5DC827A9197F44BD00356661 /* AppDelegate.swift in Sources */,
				5D72C1E11A194CEA00B59271 /* GameView.swift in Sources */,
			);
			runOnlyForDeploymentPostprocessing = 0;
		};
/* End PBXSourcesBuildPhase section */

/* Begin XCBuildConfiguration section */
		5DC827C1197F44BD00356661 /* Debug */ = {
			isa = XCBuildConfiguration;
			buildSettings = {
				ALWAYS_SEARCH_USER_PATHS = NO;
				CLANG_CXX_LANGUAGE_STANDARD = "gnu++0x";
				CLANG_CXX_LIBRARY = "libc++";
				CLANG_ENABLE_MODULES = YES;
				CLANG_ENABLE_OBJC_ARC = YES;
				CLANG_WARN_BOOL_CONVERSION = YES;
				CLANG_WARN_CONSTANT_CONVERSION = YES;
				CLANG_WARN_DIRECT_OBJC_ISA_USAGE = YES_ERROR;
				CLANG_WARN_EMPTY_BODY = YES;
				CLANG_WARN_ENUM_CONVERSION = YES;
				CLANG_WARN_INT_CONVERSION = YES;
				CLANG_WARN_OBJC_ROOT_CLASS = YES_ERROR;
				CLANG_WARN_UNREACHABLE_CODE = YES;
				CLANG_WARN__DUPLICATE_METHOD_MATCH = YES;
				"CODE_SIGN_IDENTITY[sdk=iphoneos*]" = "iPhone Developer";
				COPY_PHASE_STRIP = NO;
				ENABLE_STRICT_OBJC_MSGSEND = YES;
				GCC_C_LANGUAGE_STANDARD = gnu99;
				GCC_DYNAMIC_NO_PIC = NO;
				GCC_OPTIMIZATION_LEVEL = 0;
				GCC_PREPROCESSOR_DEFINITIONS = (
					"DEBUG=1",
					"$(inherited)",
				);
				GCC_SYMBOLS_PRIVATE_EXTERN = NO;
				GCC_WARN_64_TO_32_BIT_CONVERSION = YES;
				GCC_WARN_ABOUT_RETURN_TYPE = YES_ERROR;
				GCC_WARN_UNDECLARED_SELECTOR = YES;
				GCC_WARN_UNINITIALIZED_AUTOS = YES_AGGRESSIVE;
				GCC_WARN_UNUSED_FUNCTION = YES;
				GCC_WARN_UNUSED_VARIABLE = YES;
				IPHONEOS_DEPLOYMENT_TARGET = 7.1;
				METAL_ENABLE_DEBUG_INFO = YES;
				ONLY_ACTIVE_ARCH = YES;
				SDKROOT = iphoneos;
				SWIFT_OPTIMIZATION_LEVEL = "-Onone";
				TARGETED_DEVICE_FAMILY = "1,2";
			};
			name = Debug;
		};
		5DC827C2197F44BD00356661 /* Release */ = {
			isa = XCBuildConfiguration;
			buildSettings = {
				ALWAYS_SEARCH_USER_PATHS = NO;
				CLANG_CXX_LANGUAGE_STANDARD = "gnu++0x";
				CLANG_CXX_LIBRARY = "libc++";
				CLANG_ENABLE_MODULES = YES;
				CLANG_ENABLE_OBJC_ARC = YES;
				CLANG_WARN_BOOL_CONVERSION = YES;
				CLANG_WARN_CONSTANT_CONVERSION = YES;
				CLANG_WARN_DIRECT_OBJC_ISA_USAGE = YES_ERROR;
				CLANG_WARN_EMPTY_BODY = YES;
				CLANG_WARN_ENUM_CONVERSION = YES;
				CLANG_WARN_INT_CONVERSION = YES;
				CLANG_WARN_OBJC_ROOT_CLASS = YES_ERROR;
				CLANG_WARN_UNREACHABLE_CODE = YES;
				CLANG_WARN__DUPLICATE_METHOD_MATCH = YES;
				"CODE_SIGN_IDENTITY[sdk=iphoneos*]" = "iPhone Developer";
				COPY_PHASE_STRIP = YES;
				ENABLE_NS_ASSERTIONS = NO;
				ENABLE_STRICT_OBJC_MSGSEND = YES;
				GCC_C_LANGUAGE_STANDARD = gnu99;
				GCC_WARN_64_TO_32_BIT_CONVERSION = YES;
				GCC_WARN_ABOUT_RETURN_TYPE = YES_ERROR;
				GCC_WARN_UNDECLARED_SELECTOR = YES;
				GCC_WARN_UNINITIALIZED_AUTOS = YES_AGGRESSIVE;
				GCC_WARN_UNUSED_FUNCTION = YES;
				GCC_WARN_UNUSED_VARIABLE = YES;
				IPHONEOS_DEPLOYMENT_TARGET = 7.1;
				METAL_ENABLE_DEBUG_INFO = NO;
				SDKROOT = iphoneos;
				TARGETED_DEVICE_FAMILY = "1,2";
				VALIDATE_PRODUCT = YES;
			};
			name = Release;
		};
		5DC827C4197F44BD00356661 /* Debug */ = {
			isa = XCBuildConfiguration;
			buildSettings = {
				ASSETCATALOG_COMPILER_APPICON_NAME = AppIcon;
				ASSETCATALOG_COMPILER_LAUNCHIMAGE_NAME = LaunchImage;
				INFOPLIST_FILE = rainSwift/Info.plist;
				LD_RUNPATH_SEARCH_PATHS = "$(inherited) @executable_path/Frameworks";
				PRODUCT_NAME = "$(TARGET_NAME)";
			};
			name = Debug;
		};
		5DC827C5197F44BD00356661 /* Release */ = {
			isa = XCBuildConfiguration;
			buildSettings = {
				ASSETCATALOG_COMPILER_APPICON_NAME = AppIcon;
				ASSETCATALOG_COMPILER_LAUNCHIMAGE_NAME = LaunchImage;
				INFOPLIST_FILE = rainSwift/Info.plist;
				LD_RUNPATH_SEARCH_PATHS = "$(inherited) @executable_path/Frameworks";
				PRODUCT_NAME = "$(TARGET_NAME)";
			};
			name = Release;
		};
/* End XCBuildConfiguration section */

/* Begin XCConfigurationList section */
		5DC8279E197F44BD00356661 /* Build configuration list for PBXProject "rainSwift" */ = {
			isa = XCConfigurationList;
			buildConfigurations = (
				5DC827C1197F44BD00356661 /* Debug */,
				5DC827C2197F44BD00356661 /* Release */,
			);
			defaultConfigurationIsVisible = 0;
			defaultConfigurationName = Release;
		};
		5DC827C3197F44BD00356661 /* Build configuration list for PBXNativeTarget "rainSwift" */ = {
			isa = XCConfigurationList;
			buildConfigurations = (
				5DC827C4197F44BD00356661 /* Debug */,
				5DC827C5197F44BD00356661 /* Release */,
			);
			defaultConfigurationIsVisible = 0;
			defaultConfigurationName = Release;
		};
/* End XCConfigurationList section */
	};
	rootObject = 5DC8279B197F44BD00356661 /* Project object */;
}
